// !$*UTF8*$!
{
	archiveVersion = 1;
	classes = {
	};
	objectVersion = 50;
	objects = {

/* Begin PBXBuildFile section */
		6469BFCDCA92E183A83672A0 /* Pods_GPS.framework in Frameworks */ = {isa = PBXBuildFile; fileRef = 6A780F918544CBA774B44735 /* Pods_GPS.framework */; };
		E7E76CF723E1C699002A61D9 /* AppDelegate.swift in Sources */ = {isa = PBXBuildFile; fileRef = E7E76CF623E1C699002A61D9 /* AppDelegate.swift */; };
		E7E76CF923E1C699002A61D9 /* SceneDelegate.swift in Sources */ = {isa = PBXBuildFile; fileRef = E7E76CF823E1C699002A61D9 /* SceneDelegate.swift */; };
		E7E76CFB23E1C699002A61D9 /* MapVC.swift in Sources */ = {isa = PBXBuildFile; fileRef = E7E76CFA23E1C699002A61D9 /* MapVC.swift */; };
		E7E76CFE23E1C699002A61D9 /* Main.storyboard in Resources */ = {isa = PBXBuildFile; fileRef = E7E76CFC23E1C699002A61D9 /* Main.storyboard */; };
		E7E76D0023E1C69C002A61D9 /* Assets.xcassets in Resources */ = {isa = PBXBuildFile; fileRef = E7E76CFF23E1C69C002A61D9 /* Assets.xcassets */; };
		E7E76D0323E1C69C002A61D9 /* LaunchScreen.storyboard in Resources */ = {isa = PBXBuildFile; fileRef = E7E76D0123E1C69C002A61D9 /* LaunchScreen.storyboard */; };
		E7E76D1023E1DD05002A61D9 /* DroppablePin.swift in Sources */ = {isa = PBXBuildFile; fileRef = E7E76D0F23E1DD05002A61D9 /* DroppablePin.swift */; };
/* End PBXBuildFile section */

/* Begin PBXFileReference section */
		6A780F918544CBA774B44735 /* Pods_GPS.framework */ = {isa = PBXFileReference; explicitFileType = wrapper.framework; includeInIndex = 0; path = Pods_GPS.framework; sourceTree = BUILT_PRODUCTS_DIR; };
		A4E345ECAF754A2DB0EACA89 /* Pods-GPS.release.xcconfig */ = {isa = PBXFileReference; includeInIndex = 1; lastKnownFileType = text.xcconfig; name = "Pods-GPS.release.xcconfig"; path = "Pods/Target Support Files/Pods-GPS/Pods-GPS.release.xcconfig"; sourceTree = "<group>"; };
		E7E76CF323E1C699002A61D9 /* GPS.app */ = {isa = PBXFileReference; explicitFileType = wrapper.application; includeInIndex = 0; path = GPS.app; sourceTree = BUILT_PRODUCTS_DIR; };
		E7E76CF623E1C699002A61D9 /* AppDelegate.swift */ = {isa = PBXFileReference; lastKnownFileType = sourcecode.swift; path = AppDelegate.swift; sourceTree = "<group>"; };
		E7E76CF823E1C699002A61D9 /* SceneDelegate.swift */ = {isa = PBXFileReference; lastKnownFileType = sourcecode.swift; path = SceneDelegate.swift; sourceTree = "<group>"; };
		E7E76CFA23E1C699002A61D9 /* MapVC.swift */ = {isa = PBXFileReference; lastKnownFileType = sourcecode.swift; path = MapVC.swift; sourceTree = "<group>"; };
		E7E76CFD23E1C699002A61D9 /* Base */ = {isa = PBXFileReference; lastKnownFileType = file.storyboard; name = Base; path = Base.lproj/Main.storyboard; sourceTree = "<group>"; };
		E7E76CFF23E1C69C002A61D9 /* Assets.xcassets */ = {isa = PBXFileReference; lastKnownFileType = folder.assetcatalog; path = Assets.xcassets; sourceTree = "<group>"; };
		E7E76D0223E1C69C002A61D9 /* Base */ = {isa = PBXFileReference; lastKnownFileType = file.storyboard; name = Base; path = Base.lproj/LaunchScreen.storyboard; sourceTree = "<group>"; };
		E7E76D0423E1C69C002A61D9 /* Info.plist */ = {isa = PBXFileReference; lastKnownFileType = text.plist.xml; path = Info.plist; sourceTree = "<group>"; };
		E7E76D0F23E1DD05002A61D9 /* DroppablePin.swift */ = {isa = PBXFileReference; lastKnownFileType = sourcecode.swift; path = DroppablePin.swift; sourceTree = "<group>"; };
		F7F821E29D94EF62B6D94FBB /* Pods-GPS.debug.xcconfig */ = {isa = PBXFileReference; includeInIndex = 1; lastKnownFileType = text.xcconfig; name = "Pods-GPS.debug.xcconfig"; path = "Pods/Target Support Files/Pods-GPS/Pods-GPS.debug.xcconfig"; sourceTree = "<group>"; };
/* End PBXFileReference section */

/* Begin PBXFrameworksBuildPhase section */
		E7E76CF023E1C699002A61D9 /* Frameworks */ = {
			isa = PBXFrameworksBuildPhase;
			buildActionMask = 2147483647;
			files = (
				6469BFCDCA92E183A83672A0 /* Pods_GPS.framework in Frameworks */,
			);
			runOnlyForDeploymentPostprocessing = 0;
		};
/* End PBXFrameworksBuildPhase section */

/* Begin PBXGroup section */
		5C8586D90CAEAE83AE93A3B7 /* Frameworks */ = {
			isa = PBXGroup;
			children = (
				6A780F918544CBA774B44735 /* Pods_GPS.framework */,
			);
			name = Frameworks;
			sourceTree = "<group>";
		};
		9EFFB8D17EF2D0EC806D183D /* Pods */ = {
			isa = PBXGroup;
			children = (
				F7F821E29D94EF62B6D94FBB /* Pods-GPS.debug.xcconfig */,
				A4E345ECAF754A2DB0EACA89 /* Pods-GPS.release.xcconfig */,
			);
			name = Pods;
			sourceTree = "<group>";
		};
		E7E76CEA23E1C699002A61D9 = {
			isa = PBXGroup;
			children = (
				E7E76CF523E1C699002A61D9 /* GPS */,
				E7E76CF423E1C699002A61D9 /* Products */,
				9EFFB8D17EF2D0EC806D183D /* Pods */,
				5C8586D90CAEAE83AE93A3B7 /* Frameworks */,
			);
			sourceTree = "<group>";
		};
		E7E76CF423E1C699002A61D9 /* Products */ = {
			isa = PBXGroup;
			children = (
				E7E76CF323E1C699002A61D9 /* GPS.app */,
			);
			name = Products;
			sourceTree = "<group>";
		};
		E7E76CF523E1C699002A61D9 /* GPS */ = {
			isa = PBXGroup;
			children = (
				E7E76D0E23E1C6F7002A61D9 /* Extensions */,
				E7E76D0D23E1C6F1002A61D9 /* Utilities */,
				E7E76D0C23E1C6E6002A61D9 /* Models */,
				E7E76D0B23E1C6E0002A61D9 /* Views */,
				E7E76D0A23E1C6D5002A61D9 /* Controllers */,
				E7E76CF623E1C699002A61D9 /* AppDelegate.swift */,
				E7E76CF823E1C699002A61D9 /* SceneDelegate.swift */,
				E7E76CFC23E1C699002A61D9 /* Main.storyboard */,
				E7E76CFF23E1C69C002A61D9 /* Assets.xcassets */,
				E7E76D0123E1C69C002A61D9 /* LaunchScreen.storyboard */,
				E7E76D0423E1C69C002A61D9 /* Info.plist */,
			);
			path = GPS;
			sourceTree = "<group>";
		};
		E7E76D0A23E1C6D5002A61D9 /* Controllers */ = {
			isa = PBXGroup;
			children = (
				E7E76CFA23E1C699002A61D9 /* MapVC.swift */,
			);
			path = Controllers;
			sourceTree = "<group>";
		};
		E7E76D0B23E1C6E0002A61D9 /* Views */ = {
			isa = PBXGroup;
			children = (
				E7E76D0F23E1DD05002A61D9 /* DroppablePin.swift */,
			);
			path = Views;
			sourceTree = "<group>";
		};
		E7E76D0C23E1C6E6002A61D9 /* Models */ = {
			isa = PBXGroup;
			children = (
			);
			path = Models;
			sourceTree = "<group>";
		};
		E7E76D0D23E1C6F1002A61D9 /* Utilities */ = {
			isa = PBXGroup;
			children = (
			);
			path = Utilities;
			sourceTree = "<group>";
		};
		E7E76D0E23E1C6F7002A61D9 /* Extensions */ = {
			isa = PBXGroup;
			children = (
			);
			path = Extensions;
			sourceTree = "<group>";
		};
/* End PBXGroup section */

/* Begin PBXNativeTarget section */
		E7E76CF223E1C699002A61D9 /* GPS */ = {
			isa = PBXNativeTarget;
			buildConfigurationList = E7E76D0723E1C69C002A61D9 /* Build configuration list for PBXNativeTarget "GPS" */;
			buildPhases = (
				B71200434201F3B61407A1E7 /* [CP] Check Pods Manifest.lock */,
				E7E76CEF23E1C699002A61D9 /* Sources */,
				E7E76CF023E1C699002A61D9 /* Frameworks */,
				E7E76CF123E1C699002A61D9 /* Resources */,
				911DD0BA66055F7FC18BDA44 /* [CP] Embed Pods Frameworks */,
			);
			buildRules = (
			);
			dependencies = (
			);
			name = GPS;
			productName = GPS;
			productReference = E7E76CF323E1C699002A61D9 /* GPS.app */;
			productType = "com.apple.product-type.application";
		};
/* End PBXNativeTarget section */

/* Begin PBXProject section */
		E7E76CEB23E1C699002A61D9 /* Project object */ = {
			isa = PBXProject;
			attributes = {
				LastSwiftUpdateCheck = 1130;
				LastUpgradeCheck = 1130;
				ORGANIZATIONNAME = "Vladimir Tambovtsev";
				TargetAttributes = {
					E7E76CF223E1C699002A61D9 = {
						CreatedOnToolsVersion = 11.3.1;
					};
				};
			};
			buildConfigurationList = E7E76CEE23E1C699002A61D9 /* Build configuration list for PBXProject "GPS" */;
			compatibilityVersion = "Xcode 9.3";
			developmentRegion = en;
			hasScannedForEncodings = 0;
			knownRegions = (
				en,
				Base,
			);
			mainGroup = E7E76CEA23E1C699002A61D9;
			productRefGroup = E7E76CF423E1C699002A61D9 /* Products */;
			projectDirPath = "";
			projectRoot = "";
			targets = (
				E7E76CF223E1C699002A61D9 /* GPS */,
			);
		};
/* End PBXProject section */

/* Begin PBXResourcesBuildPhase section */
		E7E76CF123E1C699002A61D9 /* Resources */ = {
			isa = PBXResourcesBuildPhase;
			buildActionMask = 2147483647;
			files = (
				E7E76D0323E1C69C002A61D9 /* LaunchScreen.storyboard in Resources */,
				E7E76D0023E1C69C002A61D9 /* Assets.xcassets in Resources */,
				E7E76CFE23E1C699002A61D9 /* Main.storyboard in Resources */,
			);
			runOnlyForDeploymentPostprocessing = 0;
		};
/* End PBXResourcesBuildPhase section */

/* Begin PBXShellScriptBuildPhase section */
		911DD0BA66055F7FC18BDA44 /* [CP] Embed Pods Frameworks */ = {
			isa = PBXShellScriptBuildPhase;
			buildActionMask = 2147483647;
			files = (
			);
			inputPaths = (
				"${SRCROOT}/Pods/Target Support Files/Pods-GPS/Pods-GPS-frameworks.sh",
				"${BUILT_PRODUCTS_DIR}/Alamofire/Alamofire.framework",
				"${BUILT_PRODUCTS_DIR}/AlamofireImage/AlamofireImage.framework",
			);
			name = "[CP] Embed Pods Frameworks";
			outputPaths = (
				"${TARGET_BUILD_DIR}/${FRAMEWORKS_FOLDER_PATH}/Alamofire.framework",
				"${TARGET_BUILD_DIR}/${FRAMEWORKS_FOLDER_PATH}/AlamofireImage.framework",
			);
			runOnlyForDeploymentPostprocessing = 0;
			shellPath = /bin/sh;
			shellScript = "\"${SRCROOT}/Pods/Target Support Files/Pods-GPS/Pods-GPS-frameworks.sh\"\n";
			showEnvVarsInLog = 0;
		};
		B71200434201F3B61407A1E7 /* [CP] Check Pods Manifest.lock */ = {
			isa = PBXShellScriptBuildPhase;
			buildActionMask = 2147483647;
			files = (
			);
			inputPaths = (
				"${PODS_PODFILE_DIR_PATH}/Podfile.lock",
				"${PODS_ROOT}/Manifest.lock",
			);
			name = "[CP] Check Pods Manifest.lock";
			outputPaths = (
				"$(DERIVED_FILE_DIR)/Pods-GPS-checkManifestLockResult.txt",
			);
			runOnlyForDeploymentPostprocessing = 0;
			shellPath = /bin/sh;
			shellScript = "diff \"${PODS_PODFILE_DIR_PATH}/Podfile.lock\" \"${PODS_ROOT}/Manifest.lock\" > /dev/null\nif [ $? != 0 ] ; then\n    # print error to STDERR\n    echo \"error: The sandbox is not in sync with the Podfile.lock. Run 'pod install' or update your CocoaPods installation.\" >&2\n    exit 1\nfi\n# This output is used by Xcode 'outputs' to avoid re-running this script phase.\necho \"SUCCESS\" > \"${SCRIPT_OUTPUT_FILE_0}\"\n";
			showEnvVarsInLog = 0;
		};
/* End PBXShellScriptBuildPhase section */

/* Begin PBXSourcesBuildPhase section */
		E7E76CEF23E1C699002A61D9 /* Sources */ = {
			isa = PBXSourcesBuildPhase;
			buildActionMask = 2147483647;
			files = (
				E7E76CFB23E1C699002A61D9 /* MapVC.swift in Sources */,
				E7E76D1023E1DD05002A61D9 /* DroppablePin.swift in Sources */,
				E7E76CF723E1C699002A61D9 /* AppDelegate.swift in Sources */,
				E7E76CF923E1C699002A61D9 /* SceneDelegate.swift in Sources */,
			);
			runOnlyForDeploymentPostprocessing = 0;
		};
/* End PBXSourcesBuildPhase section */

/* Begin PBXVariantGroup section */
		E7E76CFC23E1C699002A61D9 /* Main.storyboard */ = {
			isa = PBXVariantGroup;
			children = (
				E7E76CFD23E1C699002A61D9 /* Base */,
			);
			name = Main.storyboard;
			sourceTree = "<group>";
		};
		E7E76D0123E1C69C002A61D9 /* LaunchScreen.storyboard */ = {
			isa = PBXVariantGroup;
			children = (
				E7E76D0223E1C69C002A61D9 /* Base */,
			);
			name = LaunchScreen.storyboard;
			sourceTree = "<group>";
		};
/* End PBXVariantGroup section */

/* Begin XCBuildConfiguration section */
		E7E76D0523E1C69C002A61D9 /* Debug */ = {
			isa = XCBuildConfiguration;
			buildSettings = {
				ALWAYS_SEARCH_USER_PATHS = NO;
				CLANG_ANALYZER_NONNULL = YES;
				CLANG_ANALYZER_NUMBER_OBJECT_CONVERSION = YES_AGGRESSIVE;
				CLANG_CXX_LANGUAGE_STANDARD = "gnu++14";
				CLANG_CXX_LIBRARY = "libc++";
				CLANG_ENABLE_MODULES = YES;
				CLANG_ENABLE_OBJC_ARC = YES;
				CLANG_ENABLE_OBJC_WEAK = YES;
				CLANG_WARN_BLOCK_CAPTURE_AUTORELEASING = YES;
				CLANG_WARN_BOOL_CONVERSION = YES;
				CLANG_WARN_COMMA = YES;
				CLANG_WARN_CONSTANT_CONVERSION = YES;
				CLANG_WARN_DEPRECATED_OBJC_IMPLEMENTATIONS = YES;
				CLANG_WARN_DIRECT_OBJC_ISA_USAGE = YES_ERROR;
				CLANG_WARN_DOCUMENTATION_COMMENTS = YES;
				CLANG_WARN_EMPTY_BODY = YES;
				CLANG_WARN_ENUM_CONVERSION = YES;
				CLANG_WARN_INFINITE_RECURSION = YES;
				CLANG_WARN_INT_CONVERSION = YES;
				CLANG_WARN_NON_LITERAL_NULL_CONVERSION = YES;
				CLANG_WARN_OBJC_IMPLICIT_RETAIN_SELF = YES;
				CLANG_WARN_OBJC_LITERAL_CONVERSION = YES;
				CLANG_WARN_OBJC_ROOT_CLASS = YES_ERROR;
				CLANG_WARN_RANGE_LOOP_ANALYSIS = YES;
				CLANG_WARN_STRICT_PROTOTYPES = YES;
				CLANG_WARN_SUSPICIOUS_MOVE = YES;
				CLANG_WARN_UNGUARDED_AVAILABILITY = YES_AGGRESSIVE;
				CLANG_WARN_UNREACHABLE_CODE = YES;
				CLANG_WARN__DUPLICATE_METHOD_MATCH = YES;
				COPY_PHASE_STRIP = NO;
				DEBUG_INFORMATION_FORMAT = dwarf;
				ENABLE_STRICT_OBJC_MSGSEND = YES;
				ENABLE_TESTABILITY = YES;
				GCC_C_LANGUAGE_STANDARD = gnu11;
				GCC_DYNAMIC_NO_PIC = NO;
				GCC_NO_COMMON_BLOCKS = YES;
				GCC_OPTIMIZATION_LEVEL = 0;
				GCC_PREPROCESSOR_DEFINITIONS = (
					"DEBUG=1",
					"$(inherited)",
				);
				GCC_WARN_64_TO_32_BIT_CONVERSION = YES;
				GCC_WARN_ABOUT_RETURN_TYPE = YES_ERROR;
				GCC_WARN_UNDECLARED_SELECTOR = YES;
				GCC_WARN_UNINITIALIZED_AUTOS = YES_AGGRESSIVE;
				GCC_WARN_UNUSED_FUNCTION = YES;
				GCC_WARN_UNUSED_VARIABLE = YES;
				IPHONEOS_DEPLOYMENT_TARGET = 13.2;
				MTL_ENABLE_DEBUG_INFO = INCLUDE_SOURCE;
				MTL_FAST_MATH = YES;
				ONLY_ACTIVE_ARCH = YES;
				SDKROOT = iphoneos;
				SWIFT_ACTIVE_COMPILATION_CONDITIONS = DEBUG;
				SWIFT_OPTIMIZATION_LEVEL = "-Onone";
			};
			name = Debug;
		};
		E7E76D0623E1C69C002A61D9 /* Release */ = {
			isa = XCBuildConfiguration;
			buildSettings = {
				ALWAYS_SEARCH_USER_PATHS = NO;
				CLANG_ANALYZER_NONNULL = YES;
				CLANG_ANALYZER_NUMBER_OBJECT_CONVERSION = YES_AGGRESSIVE;
				CLANG_CXX_LANGUAGE_STANDARD = "gnu++14";
				CLANG_CXX_LIBRARY = "libc++";
				CLANG_ENABLE_MODULES = YES;
				CLANG_ENABLE_OBJC_ARC = YES;
				CLANG_ENABLE_OBJC_WEAK = YES;
				CLANG_WARN_BLOCK_CAPTURE_AUTORELEASING = YES;
				CLANG_WARN_BOOL_CONVERSION = YES;
				CLANG_WARN_COMMA = YES;
				CLANG_WARN_CONSTANT_CONVERSION = YES;
				CLANG_WARN_DEPRECATED_OBJC_IMPLEMENTATIONS = YES;
				CLANG_WARN_DIRECT_OBJC_ISA_USAGE = YES_ERROR;
				CLANG_WARN_DOCUMENTATION_COMMENTS = YES;
				CLANG_WARN_EMPTY_BODY = YES;
				CLANG_WARN_ENUM_CONVERSION = YES;
				CLANG_WARN_INFINITE_RECURSION = YES;
				CLANG_WARN_INT_CONVERSION = YES;
				CLANG_WARN_NON_LITERAL_NULL_CONVERSION = YES;
				CLANG_WARN_OBJC_IMPLICIT_RETAIN_SELF = YES;
				CLANG_WARN_OBJC_LITERAL_CONVERSION = YES;
				CLANG_WARN_OBJC_ROOT_CLASS = YES_ERROR;
				CLANG_WARN_RANGE_LOOP_ANALYSIS = YES;
				CLANG_WARN_STRICT_PROTOTYPES = YES;
				CLANG_WARN_SUSPICIOUS_MOVE = YES;
				CLANG_WARN_UNGUARDED_AVAILABILITY = YES_AGGRESSIVE;
				CLANG_WARN_UNREACHABLE_CODE = YES;
				CLANG_WARN__DUPLICATE_METHOD_MATCH = YES;
				COPY_PHASE_STRIP = NO;
				DEBUG_INFORMATION_FORMAT = "dwarf-with-dsym";
				ENABLE_NS_ASSERTIONS = NO;
				ENABLE_STRICT_OBJC_MSGSEND = YES;
				GCC_C_LANGUAGE_STANDARD = gnu11;
				GCC_NO_COMMON_BLOCKS = YES;
				GCC_WARN_64_TO_32_BIT_CONVERSION = YES;
				GCC_WARN_ABOUT_RETURN_TYPE = YES_ERROR;
				GCC_WARN_UNDECLARED_SELECTOR = YES;
				GCC_WARN_UNINITIALIZED_AUTOS = YES_AGGRESSIVE;
				GCC_WARN_UNUSED_FUNCTION = YES;
				GCC_WARN_UNUSED_VARIABLE = YES;
				IPHONEOS_DEPLOYMENT_TARGET = 13.2;
				MTL_ENABLE_DEBUG_INFO = NO;
				MTL_FAST_MATH = YES;
				SDKROOT = iphoneos;
				SWIFT_COMPILATION_MODE = wholemodule;
				SWIFT_OPTIMIZATION_LEVEL = "-O";
				VALIDATE_PRODUCT = YES;
			};
			name = Release;
		};
		E7E76D0823E1C69C002A61D9 /* Debug */ = {
			isa = XCBuildConfiguration;
			baseConfigurationReference = F7F821E29D94EF62B6D94FBB /* Pods-GPS.debug.xcconfig */;
			buildSettings = {
				ASSETCATALOG_COMPILER_APPICON_NAME = AppIcon;
				CODE_SIGN_STYLE = Automatic;
				DEVELOPMENT_TEAM = KKN37UUKG9;
				INFOPLIST_FILE = GPS/Info.plist;
				LD_RUNPATH_SEARCH_PATHS = (
					"$(inherited)",
					"@executable_path/Frameworks",
				);
				PRODUCT_BUNDLE_IDENTIFIER = pro.tambovtsev.GPS;
				PRODUCT_NAME = "$(TARGET_NAME)";
				SWIFT_VERSION = 5.0;
				TARGETED_DEVICE_FAMILY = "1,2";
			};
			name = Debug;
		};
		E7E76D0923E1C69C002A61D9 /* Release */ = {
			isa = XCBuildConfiguration;
			baseConfigurationReference = A4E345ECAF754A2DB0EACA89 /* Pods-GPS.release.xcconfig */;
			buildSettings = {
				ASSETCATALOG_COMPILER_APPICON_NAME = AppIcon;
				CODE_SIGN_STYLE = Automatic;
				DEVELOPMENT_TEAM = KKN37UUKG9;
				INFOPLIST_FILE = GPS/Info.plist;
				LD_RUNPATH_SEARCH_PATHS = (
					"$(inherited)",
					"@executable_path/Frameworks",
				);
				PRODUCT_BUNDLE_IDENTIFIER = pro.tambovtsev.GPS;
				PRODUCT_NAME = "$(TARGET_NAME)";
				SWIFT_VERSION = 5.0;
				TARGETED_DEVICE_FAMILY = "1,2";
			};
			name = Release;
		};
/* End XCBuildConfiguration section */

/* Begin XCConfigurationList section */
		E7E76CEE23E1C699002A61D9 /* Build configuration list for PBXProject "GPS" */ = {
			isa = XCConfigurationList;
			buildConfigurations = (
				E7E76D0523E1C69C002A61D9 /* Debug */,
				E7E76D0623E1C69C002A61D9 /* Release */,
			);
			defaultConfigurationIsVisible = 0;
			defaultConfigurationName = Release;
		};
		E7E76D0723E1C69C002A61D9 /* Build configuration list for PBXNativeTarget "GPS" */ = {
			isa = XCConfigurationList;
			buildConfigurations = (
				E7E76D0823E1C69C002A61D9 /* Debug */,
				E7E76D0923E1C69C002A61D9 /* Release */,
			);
			defaultConfigurationIsVisible = 0;
			defaultConfigurationName = Release;
		};
/* End XCConfigurationList section */
	};
	rootObject = E7E76CEB23E1C699002A61D9 /* Project object */;
}
